
Microsoft Visual Studio Solution File, Format Version 12.00
# Visual Studio 15
VisualStudioVersion = 15.0.28010.2003
MinimumVisualStudioVersion = 10.0.40219.1
Project("{FAE04EC0-301F-11D3-BF4B-00C04F79EFBC}") = "JohnsonK_Chpt7Asgn7", "JohnsonK_Chpt7Asgn7.csproj", "{47E59C65-BB0D-47E1-83DA-59D1318A533D}"
EndProject
Global
	GlobalSection(SolutionConfigurationPlatforms) = preSolution
		Debug|Any CPU = Debug|Any CPU
		Release|Any CPU = Release|Any CPU
	EndGlobalSection
	GlobalSection(ProjectConfigurationPlatforms) = postSolution
		{47E59C65-BB0D-47E1-83DA-59D1318A533D}.Debug|Any CPU.ActiveCfg = Debug|Any CPU
		{47E59C65-BB0D-47E1-83DA-59D1318A533D}.Debug|Any CPU.Build.0 = Debug|Any CPU
		{47E59C65-BB0D-47E1-83DA-59D1318A533D}.Release|Any CPU.ActiveCfg = Release|Any CPU
		{47E59C65-BB0D-47E1-83DA-59D1318A533D}.Release|Any CPU.Build.0 = Release|Any CPU
	EndGlobalSection
	GlobalSection(SolutionProperties) = preSolution
		HideSolutionNode = FALSE
	EndGlobalSection
	GlobalSection(ExtensibilityGlobals) = postSolution
		SolutionGuid = {F3F11923-93E5-4F7B-AD9A-58359813AA75}
	EndGlobalSection
EndGlobal
